
Microsoft Visual Studio Solution File, Format Version 12.00
# Visual Studio Version 16
VisualStudioVersion = 16.0.31605.320
MinimumVisualStudioVersion = 10.0.40219.1
Project("{9A19103F-16F7-4668-BE54-9A1E7A4F7556}") = "Coffe_Order", "Coffe_Order\Coffe_Order.csproj", "{51B106BB-8C45-4947-8311-4BB859C52312}"
EndProject
Global
	GlobalSection(SolutionConfigurationPlatforms) = preSolution
		Debug|Any CPU = Debug|Any CPU
		Release|Any CPU = Release|Any CPU
	EndGlobalSection
	GlobalSection(ProjectConfigurationPlatforms) = postSolution
		{51B106BB-8C45-4947-8311-4BB859C52312}.Debug|Any CPU.ActiveCfg = Debug|Any CPU
		{51B106BB-8C45-4947-8311-4BB859C52312}.Debug|Any CPU.Build.0 = Debug|Any CPU
		{51B106BB-8C45-4947-8311-4BB859C52312}.Release|Any CPU.ActiveCfg = Release|Any CPU
		{51B106BB-8C45-4947-8311-4BB859C52312}.Release|Any CPU.Build.0 = Release|Any CPU
	EndGlobalSection
	GlobalSection(SolutionProperties) = preSolution
		HideSolutionNode = FALSE
	EndGlobalSection
	GlobalSection(ExtensibilityGlobals) = postSolution
		SolutionGuid = {5FFD8173-C64A-4C66-9C4B-65F8C390A4BC}
	EndGlobalSection
EndGlobal
